
Microsoft Visual Studio Solution File, Format Version 12.00
# Visual Studio Version 17
VisualStudioVersion = 17.7.34202.233
MinimumVisualStudioVersion = 10.0.40219.1
Project("{9A19103F-16F7-4668-BE54-9A1E7A4F7556}") = "Practice2.Task1", "Practice2.Task1\Practice2.Task1.csproj", "{4594811F-9C07-47B8-96A5-0AAB5662A3A4}"
EndProject
Project("{9A19103F-16F7-4668-BE54-9A1E7A4F7556}") = "Practice2.Task2", "Practice2.Task2\Practice2.Task2.csproj", "{19E123BD-6958-46D4-9F1A-0518CBE343BE}"
EndProject
Project("{9A19103F-16F7-4668-BE54-9A1E7A4F7556}") = "Practice2.Task3", "Practice2.Task3\Practice2.Task3.csproj", "{053C7001-2051-40C7-881E-ECA7F2117302}"
EndProject
Project("{9A19103F-16F7-4668-BE54-9A1E7A4F7556}") = "Practice2.Task4", "Practice2.Task4\Practice2.Task4.csproj", "{5FF2361B-145B-4113-BCC3-93EDBBB42F25}"
EndProject
Project("{9A19103F-16F7-4668-BE54-9A1E7A4F7556}") = "Practice2.Task5", "Practice2.Task5\Practice2.Task5.csproj", "{4AECDF08-6FF2-47D3-AEC6-10B58FF0C9BE}"
EndProject
Project("{9A19103F-16F7-4668-BE54-9A1E7A4F7556}") = "Practice2.Task6", "Practice2.Task6\Practice2.Task6.csproj", "{99167ACC-868B-4269-A0CC-4F47A2AD1D25}"
EndProject
Project("{9A19103F-16F7-4668-BE54-9A1E7A4F7556}") = "Practice2.Task8", "Practice2.Task8\Practice2.Task8.csproj", "{7943A971-50A3-4049-BB13-FBC5B162FD9D}"
EndProject
Project("{9A19103F-16F7-4668-BE54-9A1E7A4F7556}") = "Practice2.Task9", "Practice2.Task9\Practice2.Task9.csproj", "{89C81B92-A61D-423B-BD7C-526DC400749A}"
EndProject
Project("{9A19103F-16F7-4668-BE54-9A1E7A4F7556}") = "Practice2.Task10", "Practice2.Task10\Practice2.Task10.csproj", "{DD279A3D-E093-4DC9-9209-432352C578DD}"
EndProject
Project("{9A19103F-16F7-4668-BE54-9A1E7A4F7556}") = "Practice2.Task11", "Practice2.Task11\Practice2.Task11.csproj", "{103C5B3A-1424-4220-B515-06D9ACC98CC1}"
EndProject
Project("{9A19103F-16F7-4668-BE54-9A1E7A4F7556}") = "Practice2.Task12", "Practice2.Task12\Practice2.Task12.csproj", "{84B17EE2-6BA0-480F-97CE-C33C55EB5B9D}"
EndProject
Project("{9A19103F-16F7-4668-BE54-9A1E7A4F7556}") = "Practice2.Task13", "Practice2.Task13\Practice2.Task13.csproj", "{3CBAEA1D-3C03-41AC-A78E-8B73E15A73D8}"
EndProject
Project("{9A19103F-16F7-4668-BE54-9A1E7A4F7556}") = "Practice2.Task14", "Practice2.Tasks14\Practice2.Task14.csproj", "{7F02C5FE-D7EF-46A5-995D-3523DA3526F0}"
EndProject
Project("{9A19103F-16F7-4668-BE54-9A1E7A4F7556}") = "Practice2.Task15", "Practice2.Task15\Practice2.Task15.csproj", "{49BA2C45-248A-4C56-8C6C-F80DE6FB6237}"
EndProject
Project("{9A19103F-16F7-4668-BE54-9A1E7A4F7556}") = "Practice3.Task1", "Practice3.Task1\Practice3.Task1.csproj", "{3D8F534E-8BFD-4040-8F14-E851EB35F595}"
EndProject
Project("{9A19103F-16F7-4668-BE54-9A1E7A4F7556}") = "Practice3.Task2", "Practice3.Task2\Practice3.Task2.csproj", "{BFD8F585-7326-4646-951E-7A76A57FBE18}"
EndProject
Project("{9A19103F-16F7-4668-BE54-9A1E7A4F7556}") = "Practice3.Task3", "Practice3.Task3\Practice3.Task3.csproj", "{24B6CC5E-07F9-4C49-90D4-3FD2C1BEC55A}"
EndProject
Project("{9A19103F-16F7-4668-BE54-9A1E7A4F7556}") = "Practice3.Task4", "Practice3.Task4\Practice3.Task4.csproj", "{DD200FCF-7971-4122-9958-BD595C9ABA1F}"
EndProject
Project("{9A19103F-16F7-4668-BE54-9A1E7A4F7556}") = "Practice3.Task5", "Practice3.Task5\Practice3.Task5.csproj", "{3C3999DC-8BBF-449C-853F-929CA111D8BB}"
EndProject
Project("{9A19103F-16F7-4668-BE54-9A1E7A4F7556}") = "Practice3.Task6", "Practice3.Task6\Practice3.Task6.csproj", "{12590C4E-C58A-497A-93A3-53AD37CC9636}"
EndProject
Project("{9A19103F-16F7-4668-BE54-9A1E7A4F7556}") = "Practice3.Task7", "Practice3.Task7\Practice3.Task7.csproj", "{71B063EE-DBB9-4D80-A9BE-9729FF2CF7F6}"
EndProject
Project("{9A19103F-16F7-4668-BE54-9A1E7A4F7556}") = "Practice3.Task8", "Practice3.Task8\Practice3.Task8.csproj", "{EC5BF400-D37E-4D0B-B6E1-F6C8778AE64C}"
EndProject
Project("{9A19103F-16F7-4668-BE54-9A1E7A4F7556}") = "Practice3.Task9", "Practice3.Task9\Practice3.Task9.csproj", "{880C4743-429E-4FC7-BC95-45C7854358F0}"
EndProject
Project("{9A19103F-16F7-4668-BE54-9A1E7A4F7556}") = "Practice3.Task10", "Practice3.Task10\Practice3.Task10.csproj", "{8E649612-8187-4AAC-82E1-604A151ABA62}"
EndProject
Project("{9A19103F-16F7-4668-BE54-9A1E7A4F7556}") = "Practice3.Task11", "Practice3.Task11\Practice3.Task11.csproj", "{BDC97806-54AE-417B-ACC0-E195B7A4D1F6}"
EndProject
Project("{9A19103F-16F7-4668-BE54-9A1E7A4F7556}") = "Practice2.Task7", "Practice2.Task7\Practice2.Task7.csproj", "{1E78D81E-33B8-455E-8C86-B6BE97452E67}"
EndProject
Project("{FAE04EC0-301F-11D3-BF4B-00C04F79EFBC}") = "Practice4.Task1", "Practice4.Task1\Practice4.Task1.csproj", "{84E7CADD-F950-442C-8FDD-3579BC181BA9}"
EndProject
Project("{FAE04EC0-301F-11D3-BF4B-00C04F79EFBC}") = "Practice4.Task2", "Practice4.Task2\Practice4.Task2.csproj", "{AC69E3EF-261C-4D55-97D1-5A2BF0E40584}"
EndProject
Project("{FAE04EC0-301F-11D3-BF4B-00C04F79EFBC}") = "Practice4.Task3", "Practice4.Task3\Practice4.Task3.csproj", "{C47E18F8-0ACF-4A08-B77B-7E70241FB1A1}"
EndProject
Project("{FAE04EC0-301F-11D3-BF4B-00C04F79EFBC}") = "Practice4.Task3-2", "Practice4.Task3-2\Practice4.Task3-2.csproj", "{BF93BC47-7B61-4F0B-8E56-468984CC4BF3}"
EndProject
Project("{FAE04EC0-301F-11D3-BF4B-00C04F79EFBC}") = "Practice2.Task16", "Practice2.Task16\Practice2.Task16.csproj", "{DAB5E345-3B6D-4FF1-9B9B-C63361F42092}"
EndProject
Project("{FAE04EC0-301F-11D3-BF4B-00C04F79EFBC}") = "Practice2.Task17", "Practice2.Task17\Practice2.Task17.csproj", "{91888BFA-2F09-4A50-8AB0-1FAB1C63B42E}"
EndProject
Project("{FAE04EC0-301F-11D3-BF4B-00C04F79EFBC}") = "Practice2.Task18", "Practice2.Task18\Practice2.Task18.csproj", "{1BD7996F-9A55-4D92-A88C-1CF2D90D38A3}"
EndProject
Project("{FAE04EC0-301F-11D3-BF4B-00C04F79EFBC}") = "Practice2.Task19", "Practice2.Task19\Practice2.Task19.csproj", "{5C50B7E2-69EE-4733-AF03-D824CF80C9D6}"
EndProject
Project("{FAE04EC0-301F-11D3-BF4B-00C04F79EFBC}") = "Practice2.Task20", "Practice2.Task20\Practice2.Task20.csproj", "{D314C011-C9BE-41D0-BCEB-C9D05EF3ED7F}"
EndProject
Project("{FAE04EC0-301F-11D3-BF4B-00C04F79EFBC}") = "Practice2.Task21", "Practice2.Task21\Practice2.Task21.csproj", "{984FB1C7-EB43-41E3-867C-473A6CCAFB27}"
EndProject
Project("{FAE04EC0-301F-11D3-BF4B-00C04F79EFBC}") = "Practice2.Task22", "Practice2.Task22\Practice2.Task22.csproj", "{FDF484BD-F20C-4A51-8671-A4AB2B4AE3E0}"
EndProject
Project("{FAE04EC0-301F-11D3-BF4B-00C04F79EFBC}") = "Practice2.Task23", "Practice2.Task23\Practice2.Task23.csproj", "{EF2DD782-7CDA-43A2-B958-460FACC3D3F3}"
EndProject
Global
	GlobalSection(SolutionConfigurationPlatforms) = preSolution
		Debug|Any CPU = Debug|Any CPU
		Release|Any CPU = Release|Any CPU
	EndGlobalSection
	GlobalSection(ProjectConfigurationPlatforms) = postSolution
		{4594811F-9C07-47B8-96A5-0AAB5662A3A4}.Debug|Any CPU.ActiveCfg = Debug|Any CPU
		{4594811F-9C07-47B8-96A5-0AAB5662A3A4}.Debug|Any CPU.Build.0 = Debug|Any CPU
		{4594811F-9C07-47B8-96A5-0AAB5662A3A4}.Release|Any CPU.ActiveCfg = Release|Any CPU
		{4594811F-9C07-47B8-96A5-0AAB5662A3A4}.Release|Any CPU.Build.0 = Release|Any CPU
		{19E123BD-6958-46D4-9F1A-0518CBE343BE}.Debug|Any CPU.ActiveCfg = Debug|Any CPU
		{19E123BD-6958-46D4-9F1A-0518CBE343BE}.Debug|Any CPU.Build.0 = Debug|Any CPU
		{19E123BD-6958-46D4-9F1A-0518CBE343BE}.Release|Any CPU.ActiveCfg = Release|Any CPU
		{19E123BD-6958-46D4-9F1A-0518CBE343BE}.Release|Any CPU.Build.0 = Release|Any CPU
		{053C7001-2051-40C7-881E-ECA7F2117302}.Debug|Any CPU.ActiveCfg = Debug|Any CPU
		{053C7001-2051-40C7-881E-ECA7F2117302}.Debug|Any CPU.Build.0 = Debug|Any CPU
		{053C7001-2051-40C7-881E-ECA7F2117302}.Release|Any CPU.ActiveCfg = Release|Any CPU
		{053C7001-2051-40C7-881E-ECA7F2117302}.Release|Any CPU.Build.0 = Release|Any CPU
		{5FF2361B-145B-4113-BCC3-93EDBBB42F25}.Debug|Any CPU.ActiveCfg = Debug|Any CPU
		{5FF2361B-145B-4113-BCC3-93EDBBB42F25}.Debug|Any CPU.Build.0 = Debug|Any CPU
		{5FF2361B-145B-4113-BCC3-93EDBBB42F25}.Release|Any CPU.ActiveCfg = Release|Any CPU
		{5FF2361B-145B-4113-BCC3-93EDBBB42F25}.Release|Any CPU.Build.0 = Release|Any CPU
		{4AECDF08-6FF2-47D3-AEC6-10B58FF0C9BE}.Debug|Any CPU.ActiveCfg = Debug|Any CPU
		{4AECDF08-6FF2-47D3-AEC6-10B58FF0C9BE}.Debug|Any CPU.Build.0 = Debug|Any CPU
		{4AECDF08-6FF2-47D3-AEC6-10B58FF0C9BE}.Release|Any CPU.ActiveCfg = Release|Any CPU
		{4AECDF08-6FF2-47D3-AEC6-10B58FF0C9BE}.Release|Any CPU.Build.0 = Release|Any CPU
		{99167ACC-868B-4269-A0CC-4F47A2AD1D25}.Debug|Any CPU.ActiveCfg = Debug|Any CPU
		{99167ACC-868B-4269-A0CC-4F47A2AD1D25}.Debug|Any CPU.Build.0 = Debug|Any CPU
		{99167ACC-868B-4269-A0CC-4F47A2AD1D25}.Release|Any CPU.ActiveCfg = Release|Any CPU
		{99167ACC-868B-4269-A0CC-4F47A2AD1D25}.Release|Any CPU.Build.0 = Release|Any CPU
		{7943A971-50A3-4049-BB13-FBC5B162FD9D}.Debug|Any CPU.ActiveCfg = Debug|Any CPU
		{7943A971-50A3-4049-BB13-FBC5B162FD9D}.Debug|Any CPU.Build.0 = Debug|Any CPU
		{7943A971-50A3-4049-BB13-FBC5B162FD9D}.Release|Any CPU.ActiveCfg = Release|Any CPU
		{7943A971-50A3-4049-BB13-FBC5B162FD9D}.Release|Any CPU.Build.0 = Release|Any CPU
		{89C81B92-A61D-423B-BD7C-526DC400749A}.Debug|Any CPU.ActiveCfg = Debug|Any CPU
		{89C81B92-A61D-423B-BD7C-526DC400749A}.Debug|Any CPU.Build.0 = Debug|Any CPU
		{89C81B92-A61D-423B-BD7C-526DC400749A}.Release|Any CPU.ActiveCfg = Release|Any CPU
		{89C81B92-A61D-423B-BD7C-526DC400749A}.Release|Any CPU.Build.0 = Release|Any CPU
		{DD279A3D-E093-4DC9-9209-432352C578DD}.Debug|Any CPU.ActiveCfg = Debug|Any CPU
		{DD279A3D-E093-4DC9-9209-432352C578DD}.Debug|Any CPU.Build.0 = Debug|Any CPU
		{DD279A3D-E093-4DC9-9209-432352C578DD}.Release|Any CPU.ActiveCfg = Release|Any CPU
		{DD279A3D-E093-4DC9-9209-432352C578DD}.Release|Any CPU.Build.0 = Release|Any CPU
		{103C5B3A-1424-4220-B515-06D9ACC98CC1}.Debug|Any CPU.ActiveCfg = Debug|Any CPU
		{103C5B3A-1424-4220-B515-06D9ACC98CC1}.Debug|Any CPU.Build.0 = Debug|Any CPU
		{103C5B3A-1424-4220-B515-06D9ACC98CC1}.Release|Any CPU.ActiveCfg = Release|Any CPU
		{103C5B3A-1424-4220-B515-06D9ACC98CC1}.Release|Any CPU.Build.0 = Release|Any CPU
		{84B17EE2-6BA0-480F-97CE-C33C55EB5B9D}.Debug|Any CPU.ActiveCfg = Debug|Any CPU
		{84B17EE2-6BA0-480F-97CE-C33C55EB5B9D}.Debug|Any CPU.Build.0 = Debug|Any CPU
		{84B17EE2-6BA0-480F-97CE-C33C55EB5B9D}.Release|Any CPU.ActiveCfg = Release|Any CPU
		{84B17EE2-6BA0-480F-97CE-C33C55EB5B9D}.Release|Any CPU.Build.0 = Release|Any CPU
		{3CBAEA1D-3C03-41AC-A78E-8B73E15A73D8}.Debug|Any CPU.ActiveCfg = Debug|Any CPU
		{3CBAEA1D-3C03-41AC-A78E-8B73E15A73D8}.Debug|Any CPU.Build.0 = Debug|Any CPU
		{3CBAEA1D-3C03-41AC-A78E-8B73E15A73D8}.Release|Any CPU.ActiveCfg = Release|Any CPU
		{3CBAEA1D-3C03-41AC-A78E-8B73E15A73D8}.Release|Any CPU.Build.0 = Release|Any CPU
		{7F02C5FE-D7EF-46A5-995D-3523DA3526F0}.Debug|Any CPU.ActiveCfg = Debug|Any CPU
		{7F02C5FE-D7EF-46A5-995D-3523DA3526F0}.Debug|Any CPU.Build.0 = Debug|Any CPU
		{7F02C5FE-D7EF-46A5-995D-3523DA3526F0}.Release|Any CPU.ActiveCfg = Release|Any CPU
		{7F02C5FE-D7EF-46A5-995D-3523DA3526F0}.Release|Any CPU.Build.0 = Release|Any CPU
		{49BA2C45-248A-4C56-8C6C-F80DE6FB6237}.Debug|Any CPU.ActiveCfg = Debug|Any CPU
		{49BA2C45-248A-4C56-8C6C-F80DE6FB6237}.Debug|Any CPU.Build.0 = Debug|Any CPU
		{49BA2C45-248A-4C56-8C6C-F80DE6FB6237}.Release|Any CPU.ActiveCfg = Release|Any CPU
		{49BA2C45-248A-4C56-8C6C-F80DE6FB6237}.Release|Any CPU.Build.0 = Release|Any CPU
		{3D8F534E-8BFD-4040-8F14-E851EB35F595}.Debug|Any CPU.ActiveCfg = Debug|Any CPU
		{3D8F534E-8BFD-4040-8F14-E851EB35F595}.Debug|Any CPU.Build.0 = Debug|Any CPU
		{3D8F534E-8BFD-4040-8F14-E851EB35F595}.Release|Any CPU.ActiveCfg = Release|Any CPU
		{3D8F534E-8BFD-4040-8F14-E851EB35F595}.Release|Any CPU.Build.0 = Release|Any CPU
		{BFD8F585-7326-4646-951E-7A76A57FBE18}.Debug|Any CPU.ActiveCfg = Debug|Any CPU
		{BFD8F585-7326-4646-951E-7A76A57FBE18}.Debug|Any CPU.Build.0 = Debug|Any CPU
		{BFD8F585-7326-4646-951E-7A76A57FBE18}.Release|Any CPU.ActiveCfg = Release|Any CPU
		{BFD8F585-7326-4646-951E-7A76A57FBE18}.Release|Any CPU.Build.0 = Release|Any CPU
		{24B6CC5E-07F9-4C49-90D4-3FD2C1BEC55A}.Debug|Any CPU.ActiveCfg = Debug|Any CPU
		{24B6CC5E-07F9-4C49-90D4-3FD2C1BEC55A}.Debug|Any CPU.Build.0 = Debug|Any CPU
		{24B6CC5E-07F9-4C49-90D4-3FD2C1BEC55A}.Release|Any CPU.ActiveCfg = Release|Any CPU
		{24B6CC5E-07F9-4C49-90D4-3FD2C1BEC55A}.Release|Any CPU.Build.0 = Release|Any CPU
		{DD200FCF-7971-4122-9958-BD595C9ABA1F}.Debug|Any CPU.ActiveCfg = Debug|Any CPU
		{DD200FCF-7971-4122-9958-BD595C9ABA1F}.Debug|Any CPU.Build.0 = Debug|Any CPU
		{DD200FCF-7971-4122-9958-BD595C9ABA1F}.Release|Any CPU.ActiveCfg = Release|Any CPU
		{DD200FCF-7971-4122-9958-BD595C9ABA1F}.Release|Any CPU.Build.0 = Release|Any CPU
		{3C3999DC-8BBF-449C-853F-929CA111D8BB}.Debug|Any CPU.ActiveCfg = Debug|Any CPU
		{3C3999DC-8BBF-449C-853F-929CA111D8BB}.Debug|Any CPU.Build.0 = Debug|Any CPU
		{3C3999DC-8BBF-449C-853F-929CA111D8BB}.Release|Any CPU.ActiveCfg = Release|Any CPU
		{3C3999DC-8BBF-449C-853F-929CA111D8BB}.Release|Any CPU.Build.0 = Release|Any CPU
		{12590C4E-C58A-497A-93A3-53AD37CC9636}.Debug|Any CPU.ActiveCfg = Debug|Any CPU
		{12590C4E-C58A-497A-93A3-53AD37CC9636}.Debug|Any CPU.Build.0 = Debug|Any CPU
		{12590C4E-C58A-497A-93A3-53AD37CC9636}.Release|Any CPU.ActiveCfg = Release|Any CPU
		{12590C4E-C58A-497A-93A3-53AD37CC9636}.Release|Any CPU.Build.0 = Release|Any CPU
		{71B063EE-DBB9-4D80-A9BE-9729FF2CF7F6}.Debug|Any CPU.ActiveCfg = Debug|Any CPU
		{71B063EE-DBB9-4D80-A9BE-9729FF2CF7F6}.Debug|Any CPU.Build.0 = Debug|Any CPU
		{71B063EE-DBB9-4D80-A9BE-9729FF2CF7F6}.Release|Any CPU.ActiveCfg = Release|Any CPU
		{71B063EE-DBB9-4D80-A9BE-9729FF2CF7F6}.Release|Any CPU.Build.0 = Release|Any CPU
		{EC5BF400-D37E-4D0B-B6E1-F6C8778AE64C}.Debug|Any CPU.ActiveCfg = Debug|Any CPU
		{EC5BF400-D37E-4D0B-B6E1-F6C8778AE64C}.Debug|Any CPU.Build.0 = Debug|Any CPU
		{EC5BF400-D37E-4D0B-B6E1-F6C8778AE64C}.Release|Any CPU.ActiveCfg = Release|Any CPU
		{EC5BF400-D37E-4D0B-B6E1-F6C8778AE64C}.Release|Any CPU.Build.0 = Release|Any CPU
		{880C4743-429E-4FC7-BC95-45C7854358F0}.Debug|Any CPU.ActiveCfg = Debug|Any CPU
		{880C4743-429E-4FC7-BC95-45C7854358F0}.Debug|Any CPU.Build.0 = Debug|Any CPU
		{880C4743-429E-4FC7-BC95-45C7854358F0}.Release|Any CPU.ActiveCfg = Release|Any CPU
		{880C4743-429E-4FC7-BC95-45C7854358F0}.Release|Any CPU.Build.0 = Release|Any CPU
		{8E649612-8187-4AAC-82E1-604A151ABA62}.Debug|Any CPU.ActiveCfg = Debug|Any CPU
		{8E649612-8187-4AAC-82E1-604A151ABA62}.Debug|Any CPU.Build.0 = Debug|Any CPU
		{8E649612-8187-4AAC-82E1-604A151ABA62}.Release|Any CPU.ActiveCfg = Release|Any CPU
		{8E649612-8187-4AAC-82E1-604A151ABA62}.Release|Any CPU.Build.0 = Release|Any CPU
		{BDC97806-54AE-417B-ACC0-E195B7A4D1F6}.Debug|Any CPU.ActiveCfg = Debug|Any CPU
		{BDC97806-54AE-417B-ACC0-E195B7A4D1F6}.Debug|Any CPU.Build.0 = Debug|Any CPU
		{BDC97806-54AE-417B-ACC0-E195B7A4D1F6}.Release|Any CPU.ActiveCfg = Release|Any CPU
		{BDC97806-54AE-417B-ACC0-E195B7A4D1F6}.Release|Any CPU.Build.0 = Release|Any CPU
		{1E78D81E-33B8-455E-8C86-B6BE97452E67}.Debug|Any CPU.ActiveCfg = Debug|Any CPU
		{1E78D81E-33B8-455E-8C86-B6BE97452E67}.Debug|Any CPU.Build.0 = Debug|Any CPU
		{1E78D81E-33B8-455E-8C86-B6BE97452E67}.Release|Any CPU.ActiveCfg = Release|Any CPU
		{1E78D81E-33B8-455E-8C86-B6BE97452E67}.Release|Any CPU.Build.0 = Release|Any CPU
		{84E7CADD-F950-442C-8FDD-3579BC181BA9}.Debug|Any CPU.ActiveCfg = Debug|Any CPU
		{84E7CADD-F950-442C-8FDD-3579BC181BA9}.Debug|Any CPU.Build.0 = Debug|Any CPU
		{84E7CADD-F950-442C-8FDD-3579BC181BA9}.Release|Any CPU.ActiveCfg = Release|Any CPU
		{84E7CADD-F950-442C-8FDD-3579BC181BA9}.Release|Any CPU.Build.0 = Release|Any CPU
		{AC69E3EF-261C-4D55-97D1-5A2BF0E40584}.Debug|Any CPU.ActiveCfg = Debug|Any CPU
		{AC69E3EF-261C-4D55-97D1-5A2BF0E40584}.Debug|Any CPU.Build.0 = Debug|Any CPU
		{AC69E3EF-261C-4D55-97D1-5A2BF0E40584}.Release|Any CPU.ActiveCfg = Release|Any CPU
		{AC69E3EF-261C-4D55-97D1-5A2BF0E40584}.Release|Any CPU.Build.0 = Release|Any CPU
		{C47E18F8-0ACF-4A08-B77B-7E70241FB1A1}.Debug|Any CPU.ActiveCfg = Debug|Any CPU
		{C47E18F8-0ACF-4A08-B77B-7E70241FB1A1}.Debug|Any CPU.Build.0 = Debug|Any CPU
		{C47E18F8-0ACF-4A08-B77B-7E70241FB1A1}.Release|Any CPU.ActiveCfg = Release|Any CPU
		{C47E18F8-0ACF-4A08-B77B-7E70241FB1A1}.Release|Any CPU.Build.0 = Release|Any CPU
		{BF93BC47-7B61-4F0B-8E56-468984CC4BF3}.Debug|Any CPU.ActiveCfg = Debug|Any CPU
		{BF93BC47-7B61-4F0B-8E56-468984CC4BF3}.Debug|Any CPU.Build.0 = Debug|Any CPU
		{BF93BC47-7B61-4F0B-8E56-468984CC4BF3}.Release|Any CPU.ActiveCfg = Release|Any CPU
		{BF93BC47-7B61-4F0B-8E56-468984CC4BF3}.Release|Any CPU.Build.0 = Release|Any CPU
		{DAB5E345-3B6D-4FF1-9B9B-C63361F42092}.Debug|Any CPU.ActiveCfg = Debug|Any CPU
		{DAB5E345-3B6D-4FF1-9B9B-C63361F42092}.Debug|Any CPU.Build.0 = Debug|Any CPU
		{DAB5E345-3B6D-4FF1-9B9B-C63361F42092}.Release|Any CPU.ActiveCfg = Release|Any CPU
		{DAB5E345-3B6D-4FF1-9B9B-C63361F42092}.Release|Any CPU.Build.0 = Release|Any CPU
		{91888BFA-2F09-4A50-8AB0-1FAB1C63B42E}.Debug|Any CPU.ActiveCfg = Debug|Any CPU
		{91888BFA-2F09-4A50-8AB0-1FAB1C63B42E}.Debug|Any CPU.Build.0 = Debug|Any CPU
		{91888BFA-2F09-4A50-8AB0-1FAB1C63B42E}.Release|Any CPU.ActiveCfg = Release|Any CPU
		{91888BFA-2F09-4A50-8AB0-1FAB1C63B42E}.Release|Any CPU.Build.0 = Release|Any CPU
		{1BD7996F-9A55-4D92-A88C-1CF2D90D38A3}.Debug|Any CPU.ActiveCfg = Debug|Any CPU
		{1BD7996F-9A55-4D92-A88C-1CF2D90D38A3}.Debug|Any CPU.Build.0 = Debug|Any CPU
		{1BD7996F-9A55-4D92-A88C-1CF2D90D38A3}.Release|Any CPU.ActiveCfg = Release|Any CPU
		{1BD7996F-9A55-4D92-A88C-1CF2D90D38A3}.Release|Any CPU.Build.0 = Release|Any CPU
		{5C50B7E2-69EE-4733-AF03-D824CF80C9D6}.Debug|Any CPU.ActiveCfg = Debug|Any CPU
		{5C50B7E2-69EE-4733-AF03-D824CF80C9D6}.Debug|Any CPU.Build.0 = Debug|Any CPU
		{5C50B7E2-69EE-4733-AF03-D824CF80C9D6}.Release|Any CPU.ActiveCfg = Release|Any CPU
		{5C50B7E2-69EE-4733-AF03-D824CF80C9D6}.Release|Any CPU.Build.0 = Release|Any CPU
		{D314C011-C9BE-41D0-BCEB-C9D05EF3ED7F}.Debug|Any CPU.ActiveCfg = Debug|Any CPU
		{D314C011-C9BE-41D0-BCEB-C9D05EF3ED7F}.Debug|Any CPU.Build.0 = Debug|Any CPU
		{D314C011-C9BE-41D0-BCEB-C9D05EF3ED7F}.Release|Any CPU.ActiveCfg = Release|Any CPU
		{D314C011-C9BE-41D0-BCEB-C9D05EF3ED7F}.Release|Any CPU.Build.0 = Release|Any CPU
		{984FB1C7-EB43-41E3-867C-473A6CCAFB27}.Debug|Any CPU.ActiveCfg = Debug|Any CPU
		{984FB1C7-EB43-41E3-867C-473A6CCAFB27}.Debug|Any CPU.Build.0 = Debug|Any CPU
		{984FB1C7-EB43-41E3-867C-473A6CCAFB27}.Release|Any CPU.ActiveCfg = Release|Any CPU
		{984FB1C7-EB43-41E3-867C-473A6CCAFB27}.Release|Any CPU.Build.0 = Release|Any CPU
		{FDF484BD-F20C-4A51-8671-A4AB2B4AE3E0}.Debug|Any CPU.ActiveCfg = Debug|Any CPU
		{FDF484BD-F20C-4A51-8671-A4AB2B4AE3E0}.Debug|Any CPU.Build.0 = Debug|Any CPU
		{FDF484BD-F20C-4A51-8671-A4AB2B4AE3E0}.Release|Any CPU.ActiveCfg = Release|Any CPU
		{FDF484BD-F20C-4A51-8671-A4AB2B4AE3E0}.Release|Any CPU.Build.0 = Release|Any CPU
		{EF2DD782-7CDA-43A2-B958-460FACC3D3F3}.Debug|Any CPU.ActiveCfg = Debug|Any CPU
		{EF2DD782-7CDA-43A2-B958-460FACC3D3F3}.Debug|Any CPU.Build.0 = Debug|Any CPU
		{EF2DD782-7CDA-43A2-B958-460FACC3D3F3}.Release|Any CPU.ActiveCfg = Release|Any CPU
		{EF2DD782-7CDA-43A2-B958-460FACC3D3F3}.Release|Any CPU.Build.0 = Release|Any CPU
	EndGlobalSection
	GlobalSection(SolutionProperties) = preSolution
		HideSolutionNode = FALSE
	EndGlobalSection
	GlobalSection(ExtensibilityGlobals) = postSolution
		SolutionGuid = {2A8307C4-BCFC-4072-BF5B-47121264F377}
	EndGlobalSection
EndGlobal
