
Microsoft Visual Studio Solution File, Format Version 12.00
# Visual Studio Version 17
VisualStudioVersion = 17.7.34202.233
MinimumVisualStudioVersion = 10.0.40219.1
Project("{9A19103F-16F7-4668-BE54-9A1E7A4F7556}") = "Practice2.Task1", "Practice2\Practice2.Task1\Practice2.Task1.csproj", "{4594811F-9C07-47B8-96A5-0AAB5662A3A4}"
EndProject
Project("{9A19103F-16F7-4668-BE54-9A1E7A4F7556}") = "Practice2.Task2", "Practice2\Practice2.Task2\Practice2.Task2.csproj", "{19E123BD-6958-46D4-9F1A-0518CBE343BE}"
EndProject
Project("{9A19103F-16F7-4668-BE54-9A1E7A4F7556}") = "Practice2.Task3", "Practice2\Practice2.Task3\Practice2.Task3.csproj", "{053C7001-2051-40C7-881E-ECA7F2117302}"
EndProject
Project("{9A19103F-16F7-4668-BE54-9A1E7A4F7556}") = "Practice2.Task4", "Practice2\Practice2.Task4\Practice2.Task4.csproj", "{5FF2361B-145B-4113-BCC3-93EDBBB42F25}"
EndProject
Project("{9A19103F-16F7-4668-BE54-9A1E7A4F7556}") = "Practice2.Task5", "Practice2\Practice2.Task5\Practice2.Task5.csproj", "{4AECDF08-6FF2-47D3-AEC6-10B58FF0C9BE}"
EndProject
Project("{9A19103F-16F7-4668-BE54-9A1E7A4F7556}") = "Practice2.Task6", "Practice2\Practice2.Task6\Practice2.Task6.csproj", "{99167ACC-868B-4269-A0CC-4F47A2AD1D25}"
EndProject
Project("{9A19103F-16F7-4668-BE54-9A1E7A4F7556}") = "Practice2.Task7", "Practice2\Practice2.Task7\Practice2.Task7.csproj", "{4C47CDBE-8D95-4AD1-BC30-93441BAD15A3}"
EndProject
Project("{9A19103F-16F7-4668-BE54-9A1E7A4F7556}") = "Practice2.Task8", "Practice2\Practice2.Task8\Practice2.Task8.csproj", "{7943A971-50A3-4049-BB13-FBC5B162FD9D}"
EndProject
Project("{9A19103F-16F7-4668-BE54-9A1E7A4F7556}") = "Practice2.Task9", "Practice2\Practice2.Task9\Practice2.Task9.csproj", "{89C81B92-A61D-423B-BD7C-526DC400749A}"
EndProject
Project("{9A19103F-16F7-4668-BE54-9A1E7A4F7556}") = "Practice2.Task10", "Practice2\Practice2.Task10\Practice2.Task10.csproj", "{DD279A3D-E093-4DC9-9209-432352C578DD}"
EndProject
Project("{9A19103F-16F7-4668-BE54-9A1E7A4F7556}") = "Practice2.Task11", "Practice2\Practice2.Task11\Practice2.Task11.csproj", "{103C5B3A-1424-4220-B515-06D9ACC98CC1}"
EndProject
Project("{9A19103F-16F7-4668-BE54-9A1E7A4F7556}") = "Practice2.Task12", "Practice2\Practice2.Task12\Practice2.Task12.csproj", "{84B17EE2-6BA0-480F-97CE-C33C55EB5B9D}"
EndProject
Project("{9A19103F-16F7-4668-BE54-9A1E7A4F7556}") = "Practice2.Task13", "Practice2\Practice2.Task13\Practice2.Task13.csproj", "{3CBAEA1D-3C03-41AC-A78E-8B73E15A73D8}"
EndProject
Project("{9A19103F-16F7-4668-BE54-9A1E7A4F7556}") = "Practice2.Task14", "Practice2\Practice2.Task14\Practice2.Task14.csproj", "{7F02C5FE-D7EF-46A5-995D-3523DA3526F0}"
EndProject
Project("{9A19103F-16F7-4668-BE54-9A1E7A4F7556}") = "Practice2.Task15", "Practice2\Practice2.Task15\Practice2.Task15.csproj", "{49BA2C45-248A-4C56-8C6C-F80DE6FB6237}"
EndProject
Project("{9A19103F-16F7-4668-BE54-9A1E7A4F7556}") = "Task1A", "Task.CSharpBase\Task1A.csproj", "{F11ABC8F-9FBD-4107-9C17-38DA107057BC}"
EndProject
Project("{9A19103F-16F7-4668-BE54-9A1E7A4F7556}") = "Task1B", "Task1B\Task1B.csproj", "{B393C723-842D-486B-A3C1-AA76E5832F6E}"
EndProject
Project("{9A19103F-16F7-4668-BE54-9A1E7A4F7556}") = "Practice1.Task1", "Practice1\Practice1.Task1\Practice1.Task1.csproj", "{0DDD4037-BA62-4BB2-B654-53BA335E76CD}"
EndProject
Project("{9A19103F-16F7-4668-BE54-9A1E7A4F7556}") = "Practice1.Task2", "Practice1\Practice1.Task2\Practice1.Task2.csproj", "{E881862D-0791-42A3-9FF7-AD7E0A9DBFE1}"
EndProject
Project("{9A19103F-16F7-4668-BE54-9A1E7A4F7556}") = "Practice1.Task3", "Practice1\Practice1.Task3\Practice1.Task3.csproj", "{6FC8C791-1717-44F8-9643-C51B2B40394E}"
EndProject
Project("{9A19103F-16F7-4668-BE54-9A1E7A4F7556}") = "Practice1.Task4", "Practice1\Practice1.Task4\Practice1.Task4.csproj", "{E25D0167-7C18-4F8C-83A9-0AAF0627B147}"
EndProject
Project("{9A19103F-16F7-4668-BE54-9A1E7A4F7556}") = "Practice1.Task5", "Practice1\Practice1.Task5\Practice1.Task5.csproj", "{1E7C97C5-4AC8-4590-AB21-2BC73AAC39FA}"
EndProject
Project("{9A19103F-16F7-4668-BE54-9A1E7A4F7556}") = "Practice1.Task6", "Practice1\Practice1.Task6\Practice1.Task6.csproj", "{4B97D932-09EF-4176-8382-1A77D3AEAF77}"
EndProject
Project("{2150E333-8FDC-42A3-9474-1A3956D46DE8}") = "Practice2", "Practice2", "{60CF72A2-3E2D-4C9B-8C92-B308A2956304}"
EndProject
Project("{9A19103F-16F7-4668-BE54-9A1E7A4F7556}") = "Practice2.Task16", "Practice2\Practice2.Task16\Practice2.Task16.csproj", "{058B1ECA-A345-4CC4-B455-1F32B9F05F25}"
EndProject
Project("{9A19103F-16F7-4668-BE54-9A1E7A4F7556}") = "Practice2.Task17", "Practice2\Practice2.Task17\Practice2.Task17.csproj", "{F3C4E124-2102-4A2C-A409-1B73BB7A3797}"
EndProject
Project("{9A19103F-16F7-4668-BE54-9A1E7A4F7556}") = "Practice2.Task18", "Practice2\Practice2.Task18\Practice2.Task18.csproj", "{D5040C52-1871-4AD8-9B7F-5F27221FA154}"
EndProject
Project("{9A19103F-16F7-4668-BE54-9A1E7A4F7556}") = "Practice2.Task19", "Practice2\Practice2.Task19\Practice2.Task19.csproj", "{EFA3A117-212F-4743-B3A0-35EF12736F93}"
EndProject
Project("{9A19103F-16F7-4668-BE54-9A1E7A4F7556}") = "Practice2.Task20", "Practice2\Practice2.Task20\Practice2.Task20.csproj", "{A4C73585-A956-4A3C-808A-FD7087026E9E}"
EndProject
Project("{9A19103F-16F7-4668-BE54-9A1E7A4F7556}") = "Practice2.Task21", "Practice2\Practice2.Task21\Practice2.Task21.csproj", "{B1023467-8B04-46EA-AD62-F75C7CD5FBE9}"
EndProject
Project("{9A19103F-16F7-4668-BE54-9A1E7A4F7556}") = "Practice2.Task22", "Practice2\Practice2.Task22\Practice2.Task22.csproj", "{A243BCC3-AD60-4221-94A1-F54351070BFB}"
EndProject
Project("{9A19103F-16F7-4668-BE54-9A1E7A4F7556}") = "Practice2.Task23", "Practice2\Practice2.Task23\Practice2.Task23.csproj", "{C23D3950-437B-4952-88AA-5DC5E64E0559}"
EndProject
Project("{FAE04EC0-301F-11D3-BF4B-00C04F79EFBC}") = "Practice2.Task24", "Practice2\Practice2.Task24\Practice2.Task24.csproj", "{0225FF46-25FF-419D-B35E-95B1150EBF1C}"
EndProject
Project("{FAE04EC0-301F-11D3-BF4B-00C04F79EFBC}") = "Practice2.Task25", "Practice2\Practice2.Task25\Practice2.Task25.csproj", "{24836DC8-7396-4547-A4FE-94870D4462CC}"
EndProject
Project("{2150E333-8FDC-42A3-9474-1A3956D46DE8}") = "Practice3", "Practice3", "{27AE5D7C-72F6-4B3E-85A0-7F642D3BA708}"
EndProject
Project("{FAE04EC0-301F-11D3-BF4B-00C04F79EFBC}") = "Practice3.Task1", "Practice3\Practice3.Task1\Practice3.Task1.csproj", "{08B37B4D-5595-445D-9D8C-48E7A410C663}"
EndProject
Project("{FAE04EC0-301F-11D3-BF4B-00C04F79EFBC}") = "Practice3.Task2", "Practice3\Practice3.Task2\Practice3.Task2.csproj", "{B2A077B1-6102-46D2-BC14-323BAE7DA4F7}"
EndProject
Project("{FAE04EC0-301F-11D3-BF4B-00C04F79EFBC}") = "Practice3.Task3", "Practice3\Practice3.Task3\Practice3.Task3.csproj", "{A8B7E697-0D90-4543-9407-3B0468A63FDA}"
EndProject
Project("{FAE04EC0-301F-11D3-BF4B-00C04F79EFBC}") = "Practice3.Task4", "Practice3\Practice3.Task4\Practice3.Task4.csproj", "{DCF0CE1E-B4FB-4E66-8C58-DCAB0CBCCB68}"
EndProject
Project("{FAE04EC0-301F-11D3-BF4B-00C04F79EFBC}") = "Practice3.Task5", "Practice3\Practice3.Task5\Practice3.Task5.csproj", "{93B79187-DBF9-4CD1-9305-C42915C57C82}"
EndProject
Project("{FAE04EC0-301F-11D3-BF4B-00C04F79EFBC}") = "Practice3.Task6", "Practice3\Practice3.Task6\Practice3.Task6.csproj", "{C57CBB10-1E2F-4CEF-9AE3-81D3FC49620E}"
EndProject
Project("{FAE04EC0-301F-11D3-BF4B-00C04F79EFBC}") = "Practice3.Task7", "Practice3\Practice3.Task7\Practice3.Task7.csproj", "{05BA4EC5-FA63-45C4-AE74-1BFA9DC0A14A}"
EndProject
Project("{FAE04EC0-301F-11D3-BF4B-00C04F79EFBC}") = "Practice3.Task8", "Practice3\Practice3.Task8\Practice3.Task8.csproj", "{92D8AFB7-D4FD-4EFC-838C-455E9A2209AE}"
EndProject
Project("{FAE04EC0-301F-11D3-BF4B-00C04F79EFBC}") = "Practice3.Task9", "Practice3\Practice3.Task9\Practice3.Task9.csproj", "{6C485792-C6A4-4B99-BACC-1D2D0CF12DE0}"
EndProject
Project("{FAE04EC0-301F-11D3-BF4B-00C04F79EFBC}") = "Practice3.Task10", "Practice3\Practice3.Task10\Practice3.Task10.csproj", "{9C7DA770-65E1-433D-97BD-8CA0EABA3DDB}"
EndProject
Project("{FAE04EC0-301F-11D3-BF4B-00C04F79EFBC}") = "Practice3.Task11", "Practice3\Practice3.Task11\Practice3.Task11.csproj", "{A7DAF010-1A20-4B22-9318-EC0F0B66895B}"
EndProject
Project("{2150E333-8FDC-42A3-9474-1A3956D46DE8}") = "Practice4", "Practice4", "{F5EBCA7F-5793-4976-B5A4-C94EBB3E2029}"
EndProject
Project("{FAE04EC0-301F-11D3-BF4B-00C04F79EFBC}") = "Practice4.Task1", "Practice4\Practice4.Task1\Practice4.Task1.csproj", "{82BCF4DA-DE6A-42B8-9504-22C335C38E60}"
EndProject
Project("{FAE04EC0-301F-11D3-BF4B-00C04F79EFBC}") = "Practice4.Task2", "Practice4\Practice4.Task2\Practice4.Task2.csproj", "{2AC59A01-C4FB-4D0C-BA14-EAB0FAD27252}"
EndProject
Project("{FAE04EC0-301F-11D3-BF4B-00C04F79EFBC}") = "Practice4.Task3", "Practice4\Practice4.Task3\Practice4.Task3.csproj", "{C758AB6E-4B4A-410F-8B5A-7EAF3DD68AA8}"
EndProject
Project("{FAE04EC0-301F-11D3-BF4B-00C04F79EFBC}") = "Practice4.Task3-2", "Practice4\Practice4.Task3-2\Practice4.Task3-2.csproj", "{7C5E829E-50B9-4665-B8AF-AB84EAA4B19A}"
EndProject
Global
	GlobalSection(SolutionConfigurationPlatforms) = preSolution
		Debug|Any CPU = Debug|Any CPU
		Release|Any CPU = Release|Any CPU
	EndGlobalSection
	GlobalSection(ProjectConfigurationPlatforms) = postSolution
		{4594811F-9C07-47B8-96A5-0AAB5662A3A4}.Debug|Any CPU.ActiveCfg = Debug|Any CPU
		{4594811F-9C07-47B8-96A5-0AAB5662A3A4}.Debug|Any CPU.Build.0 = Debug|Any CPU
		{4594811F-9C07-47B8-96A5-0AAB5662A3A4}.Release|Any CPU.ActiveCfg = Release|Any CPU
		{4594811F-9C07-47B8-96A5-0AAB5662A3A4}.Release|Any CPU.Build.0 = Release|Any CPU
		{19E123BD-6958-46D4-9F1A-0518CBE343BE}.Debug|Any CPU.ActiveCfg = Debug|Any CPU
		{19E123BD-6958-46D4-9F1A-0518CBE343BE}.Debug|Any CPU.Build.0 = Debug|Any CPU
		{19E123BD-6958-46D4-9F1A-0518CBE343BE}.Release|Any CPU.ActiveCfg = Release|Any CPU
		{19E123BD-6958-46D4-9F1A-0518CBE343BE}.Release|Any CPU.Build.0 = Release|Any CPU
		{053C7001-2051-40C7-881E-ECA7F2117302}.Debug|Any CPU.ActiveCfg = Debug|Any CPU
		{053C7001-2051-40C7-881E-ECA7F2117302}.Debug|Any CPU.Build.0 = Debug|Any CPU
		{053C7001-2051-40C7-881E-ECA7F2117302}.Release|Any CPU.ActiveCfg = Release|Any CPU
		{053C7001-2051-40C7-881E-ECA7F2117302}.Release|Any CPU.Build.0 = Release|Any CPU
		{5FF2361B-145B-4113-BCC3-93EDBBB42F25}.Debug|Any CPU.ActiveCfg = Debug|Any CPU
		{5FF2361B-145B-4113-BCC3-93EDBBB42F25}.Debug|Any CPU.Build.0 = Debug|Any CPU
		{5FF2361B-145B-4113-BCC3-93EDBBB42F25}.Release|Any CPU.ActiveCfg = Release|Any CPU
		{5FF2361B-145B-4113-BCC3-93EDBBB42F25}.Release|Any CPU.Build.0 = Release|Any CPU
		{4AECDF08-6FF2-47D3-AEC6-10B58FF0C9BE}.Debug|Any CPU.ActiveCfg = Debug|Any CPU
		{4AECDF08-6FF2-47D3-AEC6-10B58FF0C9BE}.Debug|Any CPU.Build.0 = Debug|Any CPU
		{4AECDF08-6FF2-47D3-AEC6-10B58FF0C9BE}.Release|Any CPU.ActiveCfg = Release|Any CPU
		{4AECDF08-6FF2-47D3-AEC6-10B58FF0C9BE}.Release|Any CPU.Build.0 = Release|Any CPU
		{99167ACC-868B-4269-A0CC-4F47A2AD1D25}.Debug|Any CPU.ActiveCfg = Debug|Any CPU
		{99167ACC-868B-4269-A0CC-4F47A2AD1D25}.Debug|Any CPU.Build.0 = Debug|Any CPU
		{99167ACC-868B-4269-A0CC-4F47A2AD1D25}.Release|Any CPU.ActiveCfg = Release|Any CPU
		{99167ACC-868B-4269-A0CC-4F47A2AD1D25}.Release|Any CPU.Build.0 = Release|Any CPU
		{4C47CDBE-8D95-4AD1-BC30-93441BAD15A3}.Debug|Any CPU.ActiveCfg = Debug|Any CPU
		{4C47CDBE-8D95-4AD1-BC30-93441BAD15A3}.Debug|Any CPU.Build.0 = Debug|Any CPU
		{4C47CDBE-8D95-4AD1-BC30-93441BAD15A3}.Release|Any CPU.ActiveCfg = Release|Any CPU
		{4C47CDBE-8D95-4AD1-BC30-93441BAD15A3}.Release|Any CPU.Build.0 = Release|Any CPU
		{7943A971-50A3-4049-BB13-FBC5B162FD9D}.Debug|Any CPU.ActiveCfg = Debug|Any CPU
		{7943A971-50A3-4049-BB13-FBC5B162FD9D}.Debug|Any CPU.Build.0 = Debug|Any CPU
		{7943A971-50A3-4049-BB13-FBC5B162FD9D}.Release|Any CPU.ActiveCfg = Release|Any CPU
		{7943A971-50A3-4049-BB13-FBC5B162FD9D}.Release|Any CPU.Build.0 = Release|Any CPU
		{89C81B92-A61D-423B-BD7C-526DC400749A}.Debug|Any CPU.ActiveCfg = Debug|Any CPU
		{89C81B92-A61D-423B-BD7C-526DC400749A}.Debug|Any CPU.Build.0 = Debug|Any CPU
		{89C81B92-A61D-423B-BD7C-526DC400749A}.Release|Any CPU.ActiveCfg = Release|Any CPU
		{89C81B92-A61D-423B-BD7C-526DC400749A}.Release|Any CPU.Build.0 = Release|Any CPU
		{DD279A3D-E093-4DC9-9209-432352C578DD}.Debug|Any CPU.ActiveCfg = Debug|Any CPU
		{DD279A3D-E093-4DC9-9209-432352C578DD}.Debug|Any CPU.Build.0 = Debug|Any CPU
		{DD279A3D-E093-4DC9-9209-432352C578DD}.Release|Any CPU.ActiveCfg = Release|Any CPU
		{DD279A3D-E093-4DC9-9209-432352C578DD}.Release|Any CPU.Build.0 = Release|Any CPU
		{103C5B3A-1424-4220-B515-06D9ACC98CC1}.Debug|Any CPU.ActiveCfg = Debug|Any CPU
		{103C5B3A-1424-4220-B515-06D9ACC98CC1}.Debug|Any CPU.Build.0 = Debug|Any CPU
		{103C5B3A-1424-4220-B515-06D9ACC98CC1}.Release|Any CPU.ActiveCfg = Release|Any CPU
		{103C5B3A-1424-4220-B515-06D9ACC98CC1}.Release|Any CPU.Build.0 = Release|Any CPU
		{84B17EE2-6BA0-480F-97CE-C33C55EB5B9D}.Debug|Any CPU.ActiveCfg = Debug|Any CPU
		{84B17EE2-6BA0-480F-97CE-C33C55EB5B9D}.Debug|Any CPU.Build.0 = Debug|Any CPU
		{84B17EE2-6BA0-480F-97CE-C33C55EB5B9D}.Release|Any CPU.ActiveCfg = Release|Any CPU
		{84B17EE2-6BA0-480F-97CE-C33C55EB5B9D}.Release|Any CPU.Build.0 = Release|Any CPU
		{3CBAEA1D-3C03-41AC-A78E-8B73E15A73D8}.Debug|Any CPU.ActiveCfg = Debug|Any CPU
		{3CBAEA1D-3C03-41AC-A78E-8B73E15A73D8}.Debug|Any CPU.Build.0 = Debug|Any CPU
		{3CBAEA1D-3C03-41AC-A78E-8B73E15A73D8}.Release|Any CPU.ActiveCfg = Release|Any CPU
		{3CBAEA1D-3C03-41AC-A78E-8B73E15A73D8}.Release|Any CPU.Build.0 = Release|Any CPU
		{7F02C5FE-D7EF-46A5-995D-3523DA3526F0}.Debug|Any CPU.ActiveCfg = Debug|Any CPU
		{7F02C5FE-D7EF-46A5-995D-3523DA3526F0}.Debug|Any CPU.Build.0 = Debug|Any CPU
		{7F02C5FE-D7EF-46A5-995D-3523DA3526F0}.Release|Any CPU.ActiveCfg = Release|Any CPU
		{7F02C5FE-D7EF-46A5-995D-3523DA3526F0}.Release|Any CPU.Build.0 = Release|Any CPU
		{49BA2C45-248A-4C56-8C6C-F80DE6FB6237}.Debug|Any CPU.ActiveCfg = Debug|Any CPU
		{49BA2C45-248A-4C56-8C6C-F80DE6FB6237}.Debug|Any CPU.Build.0 = Debug|Any CPU
		{49BA2C45-248A-4C56-8C6C-F80DE6FB6237}.Release|Any CPU.ActiveCfg = Release|Any CPU
		{49BA2C45-248A-4C56-8C6C-F80DE6FB6237}.Release|Any CPU.Build.0 = Release|Any CPU
		{F11ABC8F-9FBD-4107-9C17-38DA107057BC}.Debug|Any CPU.ActiveCfg = Debug|Any CPU
		{F11ABC8F-9FBD-4107-9C17-38DA107057BC}.Debug|Any CPU.Build.0 = Debug|Any CPU
		{F11ABC8F-9FBD-4107-9C17-38DA107057BC}.Release|Any CPU.ActiveCfg = Release|Any CPU
		{F11ABC8F-9FBD-4107-9C17-38DA107057BC}.Release|Any CPU.Build.0 = Release|Any CPU
		{B393C723-842D-486B-A3C1-AA76E5832F6E}.Debug|Any CPU.ActiveCfg = Debug|Any CPU
		{B393C723-842D-486B-A3C1-AA76E5832F6E}.Debug|Any CPU.Build.0 = Debug|Any CPU
		{B393C723-842D-486B-A3C1-AA76E5832F6E}.Release|Any CPU.ActiveCfg = Release|Any CPU
		{B393C723-842D-486B-A3C1-AA76E5832F6E}.Release|Any CPU.Build.0 = Release|Any CPU
		{0DDD4037-BA62-4BB2-B654-53BA335E76CD}.Debug|Any CPU.ActiveCfg = Debug|Any CPU
		{0DDD4037-BA62-4BB2-B654-53BA335E76CD}.Debug|Any CPU.Build.0 = Debug|Any CPU
		{0DDD4037-BA62-4BB2-B654-53BA335E76CD}.Release|Any CPU.ActiveCfg = Release|Any CPU
		{0DDD4037-BA62-4BB2-B654-53BA335E76CD}.Release|Any CPU.Build.0 = Release|Any CPU
		{E881862D-0791-42A3-9FF7-AD7E0A9DBFE1}.Debug|Any CPU.ActiveCfg = Debug|Any CPU
		{E881862D-0791-42A3-9FF7-AD7E0A9DBFE1}.Debug|Any CPU.Build.0 = Debug|Any CPU
		{E881862D-0791-42A3-9FF7-AD7E0A9DBFE1}.Release|Any CPU.ActiveCfg = Release|Any CPU
		{E881862D-0791-42A3-9FF7-AD7E0A9DBFE1}.Release|Any CPU.Build.0 = Release|Any CPU
		{6FC8C791-1717-44F8-9643-C51B2B40394E}.Debug|Any CPU.ActiveCfg = Debug|Any CPU
		{6FC8C791-1717-44F8-9643-C51B2B40394E}.Debug|Any CPU.Build.0 = Debug|Any CPU
		{6FC8C791-1717-44F8-9643-C51B2B40394E}.Release|Any CPU.ActiveCfg = Release|Any CPU
		{6FC8C791-1717-44F8-9643-C51B2B40394E}.Release|Any CPU.Build.0 = Release|Any CPU
		{E25D0167-7C18-4F8C-83A9-0AAF0627B147}.Debug|Any CPU.ActiveCfg = Debug|Any CPU
		{E25D0167-7C18-4F8C-83A9-0AAF0627B147}.Debug|Any CPU.Build.0 = Debug|Any CPU
		{E25D0167-7C18-4F8C-83A9-0AAF0627B147}.Release|Any CPU.ActiveCfg = Release|Any CPU
		{E25D0167-7C18-4F8C-83A9-0AAF0627B147}.Release|Any CPU.Build.0 = Release|Any CPU
		{1E7C97C5-4AC8-4590-AB21-2BC73AAC39FA}.Debug|Any CPU.ActiveCfg = Debug|Any CPU
		{1E7C97C5-4AC8-4590-AB21-2BC73AAC39FA}.Debug|Any CPU.Build.0 = Debug|Any CPU
		{1E7C97C5-4AC8-4590-AB21-2BC73AAC39FA}.Release|Any CPU.ActiveCfg = Release|Any CPU
		{1E7C97C5-4AC8-4590-AB21-2BC73AAC39FA}.Release|Any CPU.Build.0 = Release|Any CPU
		{4B97D932-09EF-4176-8382-1A77D3AEAF77}.Debug|Any CPU.ActiveCfg = Debug|Any CPU
		{4B97D932-09EF-4176-8382-1A77D3AEAF77}.Debug|Any CPU.Build.0 = Debug|Any CPU
		{4B97D932-09EF-4176-8382-1A77D3AEAF77}.Release|Any CPU.ActiveCfg = Release|Any CPU
		{4B97D932-09EF-4176-8382-1A77D3AEAF77}.Release|Any CPU.Build.0 = Release|Any CPU
		{058B1ECA-A345-4CC4-B455-1F32B9F05F25}.Debug|Any CPU.ActiveCfg = Debug|Any CPU
		{058B1ECA-A345-4CC4-B455-1F32B9F05F25}.Debug|Any CPU.Build.0 = Debug|Any CPU
		{058B1ECA-A345-4CC4-B455-1F32B9F05F25}.Release|Any CPU.ActiveCfg = Release|Any CPU
		{058B1ECA-A345-4CC4-B455-1F32B9F05F25}.Release|Any CPU.Build.0 = Release|Any CPU
		{F3C4E124-2102-4A2C-A409-1B73BB7A3797}.Debug|Any CPU.ActiveCfg = Debug|Any CPU
		{F3C4E124-2102-4A2C-A409-1B73BB7A3797}.Debug|Any CPU.Build.0 = Debug|Any CPU
		{F3C4E124-2102-4A2C-A409-1B73BB7A3797}.Release|Any CPU.ActiveCfg = Release|Any CPU
		{F3C4E124-2102-4A2C-A409-1B73BB7A3797}.Release|Any CPU.Build.0 = Release|Any CPU
		{D5040C52-1871-4AD8-9B7F-5F27221FA154}.Debug|Any CPU.ActiveCfg = Debug|Any CPU
		{D5040C52-1871-4AD8-9B7F-5F27221FA154}.Debug|Any CPU.Build.0 = Debug|Any CPU
		{D5040C52-1871-4AD8-9B7F-5F27221FA154}.Release|Any CPU.ActiveCfg = Release|Any CPU
		{D5040C52-1871-4AD8-9B7F-5F27221FA154}.Release|Any CPU.Build.0 = Release|Any CPU
		{EFA3A117-212F-4743-B3A0-35EF12736F93}.Debug|Any CPU.ActiveCfg = Debug|Any CPU
		{EFA3A117-212F-4743-B3A0-35EF12736F93}.Debug|Any CPU.Build.0 = Debug|Any CPU
		{EFA3A117-212F-4743-B3A0-35EF12736F93}.Release|Any CPU.ActiveCfg = Release|Any CPU
		{EFA3A117-212F-4743-B3A0-35EF12736F93}.Release|Any CPU.Build.0 = Release|Any CPU
		{A4C73585-A956-4A3C-808A-FD7087026E9E}.Debug|Any CPU.ActiveCfg = Debug|Any CPU
		{A4C73585-A956-4A3C-808A-FD7087026E9E}.Debug|Any CPU.Build.0 = Debug|Any CPU
		{A4C73585-A956-4A3C-808A-FD7087026E9E}.Release|Any CPU.ActiveCfg = Release|Any CPU
		{A4C73585-A956-4A3C-808A-FD7087026E9E}.Release|Any CPU.Build.0 = Release|Any CPU
		{B1023467-8B04-46EA-AD62-F75C7CD5FBE9}.Debug|Any CPU.ActiveCfg = Debug|Any CPU
		{B1023467-8B04-46EA-AD62-F75C7CD5FBE9}.Debug|Any CPU.Build.0 = Debug|Any CPU
		{B1023467-8B04-46EA-AD62-F75C7CD5FBE9}.Release|Any CPU.ActiveCfg = Release|Any CPU
		{B1023467-8B04-46EA-AD62-F75C7CD5FBE9}.Release|Any CPU.Build.0 = Release|Any CPU
		{A243BCC3-AD60-4221-94A1-F54351070BFB}.Debug|Any CPU.ActiveCfg = Debug|Any CPU
		{A243BCC3-AD60-4221-94A1-F54351070BFB}.Debug|Any CPU.Build.0 = Debug|Any CPU
		{A243BCC3-AD60-4221-94A1-F54351070BFB}.Release|Any CPU.ActiveCfg = Release|Any CPU
		{A243BCC3-AD60-4221-94A1-F54351070BFB}.Release|Any CPU.Build.0 = Release|Any CPU
		{C23D3950-437B-4952-88AA-5DC5E64E0559}.Debug|Any CPU.ActiveCfg = Debug|Any CPU
		{C23D3950-437B-4952-88AA-5DC5E64E0559}.Debug|Any CPU.Build.0 = Debug|Any CPU
		{C23D3950-437B-4952-88AA-5DC5E64E0559}.Release|Any CPU.ActiveCfg = Release|Any CPU
		{C23D3950-437B-4952-88AA-5DC5E64E0559}.Release|Any CPU.Build.0 = Release|Any CPU
		{0225FF46-25FF-419D-B35E-95B1150EBF1C}.Debug|Any CPU.ActiveCfg = Debug|Any CPU
		{0225FF46-25FF-419D-B35E-95B1150EBF1C}.Debug|Any CPU.Build.0 = Debug|Any CPU
		{0225FF46-25FF-419D-B35E-95B1150EBF1C}.Release|Any CPU.ActiveCfg = Release|Any CPU
		{0225FF46-25FF-419D-B35E-95B1150EBF1C}.Release|Any CPU.Build.0 = Release|Any CPU
		{24836DC8-7396-4547-A4FE-94870D4462CC}.Debug|Any CPU.ActiveCfg = Debug|Any CPU
		{24836DC8-7396-4547-A4FE-94870D4462CC}.Debug|Any CPU.Build.0 = Debug|Any CPU
		{24836DC8-7396-4547-A4FE-94870D4462CC}.Release|Any CPU.ActiveCfg = Release|Any CPU
		{24836DC8-7396-4547-A4FE-94870D4462CC}.Release|Any CPU.Build.0 = Release|Any CPU
		{08B37B4D-5595-445D-9D8C-48E7A410C663}.Debug|Any CPU.ActiveCfg = Debug|Any CPU
		{08B37B4D-5595-445D-9D8C-48E7A410C663}.Debug|Any CPU.Build.0 = Debug|Any CPU
		{08B37B4D-5595-445D-9D8C-48E7A410C663}.Release|Any CPU.ActiveCfg = Release|Any CPU
		{08B37B4D-5595-445D-9D8C-48E7A410C663}.Release|Any CPU.Build.0 = Release|Any CPU
		{B2A077B1-6102-46D2-BC14-323BAE7DA4F7}.Debug|Any CPU.ActiveCfg = Debug|Any CPU
		{B2A077B1-6102-46D2-BC14-323BAE7DA4F7}.Debug|Any CPU.Build.0 = Debug|Any CPU
		{B2A077B1-6102-46D2-BC14-323BAE7DA4F7}.Release|Any CPU.ActiveCfg = Release|Any CPU
		{B2A077B1-6102-46D2-BC14-323BAE7DA4F7}.Release|Any CPU.Build.0 = Release|Any CPU
		{A8B7E697-0D90-4543-9407-3B0468A63FDA}.Debug|Any CPU.ActiveCfg = Debug|Any CPU
		{A8B7E697-0D90-4543-9407-3B0468A63FDA}.Debug|Any CPU.Build.0 = Debug|Any CPU
		{A8B7E697-0D90-4543-9407-3B0468A63FDA}.Release|Any CPU.ActiveCfg = Release|Any CPU
		{A8B7E697-0D90-4543-9407-3B0468A63FDA}.Release|Any CPU.Build.0 = Release|Any CPU
		{DCF0CE1E-B4FB-4E66-8C58-DCAB0CBCCB68}.Debug|Any CPU.ActiveCfg = Debug|Any CPU
		{DCF0CE1E-B4FB-4E66-8C58-DCAB0CBCCB68}.Debug|Any CPU.Build.0 = Debug|Any CPU
		{DCF0CE1E-B4FB-4E66-8C58-DCAB0CBCCB68}.Release|Any CPU.ActiveCfg = Release|Any CPU
		{DCF0CE1E-B4FB-4E66-8C58-DCAB0CBCCB68}.Release|Any CPU.Build.0 = Release|Any CPU
		{93B79187-DBF9-4CD1-9305-C42915C57C82}.Debug|Any CPU.ActiveCfg = Debug|Any CPU
		{93B79187-DBF9-4CD1-9305-C42915C57C82}.Debug|Any CPU.Build.0 = Debug|Any CPU
		{93B79187-DBF9-4CD1-9305-C42915C57C82}.Release|Any CPU.ActiveCfg = Release|Any CPU
		{93B79187-DBF9-4CD1-9305-C42915C57C82}.Release|Any CPU.Build.0 = Release|Any CPU
		{C57CBB10-1E2F-4CEF-9AE3-81D3FC49620E}.Debug|Any CPU.ActiveCfg = Debug|Any CPU
		{C57CBB10-1E2F-4CEF-9AE3-81D3FC49620E}.Debug|Any CPU.Build.0 = Debug|Any CPU
		{C57CBB10-1E2F-4CEF-9AE3-81D3FC49620E}.Release|Any CPU.ActiveCfg = Release|Any CPU
		{C57CBB10-1E2F-4CEF-9AE3-81D3FC49620E}.Release|Any CPU.Build.0 = Release|Any CPU
		{05BA4EC5-FA63-45C4-AE74-1BFA9DC0A14A}.Debug|Any CPU.ActiveCfg = Debug|Any CPU
		{05BA4EC5-FA63-45C4-AE74-1BFA9DC0A14A}.Debug|Any CPU.Build.0 = Debug|Any CPU
		{05BA4EC5-FA63-45C4-AE74-1BFA9DC0A14A}.Release|Any CPU.ActiveCfg = Release|Any CPU
		{05BA4EC5-FA63-45C4-AE74-1BFA9DC0A14A}.Release|Any CPU.Build.0 = Release|Any CPU
		{92D8AFB7-D4FD-4EFC-838C-455E9A2209AE}.Debug|Any CPU.ActiveCfg = Debug|Any CPU
		{92D8AFB7-D4FD-4EFC-838C-455E9A2209AE}.Debug|Any CPU.Build.0 = Debug|Any CPU
		{92D8AFB7-D4FD-4EFC-838C-455E9A2209AE}.Release|Any CPU.ActiveCfg = Release|Any CPU
		{92D8AFB7-D4FD-4EFC-838C-455E9A2209AE}.Release|Any CPU.Build.0 = Release|Any CPU
		{6C485792-C6A4-4B99-BACC-1D2D0CF12DE0}.Debug|Any CPU.ActiveCfg = Debug|Any CPU
		{6C485792-C6A4-4B99-BACC-1D2D0CF12DE0}.Debug|Any CPU.Build.0 = Debug|Any CPU
		{6C485792-C6A4-4B99-BACC-1D2D0CF12DE0}.Release|Any CPU.ActiveCfg = Release|Any CPU
		{6C485792-C6A4-4B99-BACC-1D2D0CF12DE0}.Release|Any CPU.Build.0 = Release|Any CPU
		{9C7DA770-65E1-433D-97BD-8CA0EABA3DDB}.Debug|Any CPU.ActiveCfg = Debug|Any CPU
		{9C7DA770-65E1-433D-97BD-8CA0EABA3DDB}.Debug|Any CPU.Build.0 = Debug|Any CPU
		{9C7DA770-65E1-433D-97BD-8CA0EABA3DDB}.Release|Any CPU.ActiveCfg = Release|Any CPU
		{9C7DA770-65E1-433D-97BD-8CA0EABA3DDB}.Release|Any CPU.Build.0 = Release|Any CPU
		{A7DAF010-1A20-4B22-9318-EC0F0B66895B}.Debug|Any CPU.ActiveCfg = Debug|Any CPU
		{A7DAF010-1A20-4B22-9318-EC0F0B66895B}.Debug|Any CPU.Build.0 = Debug|Any CPU
		{A7DAF010-1A20-4B22-9318-EC0F0B66895B}.Release|Any CPU.ActiveCfg = Release|Any CPU
		{A7DAF010-1A20-4B22-9318-EC0F0B66895B}.Release|Any CPU.Build.0 = Release|Any CPU
		{82BCF4DA-DE6A-42B8-9504-22C335C38E60}.Debug|Any CPU.ActiveCfg = Debug|Any CPU
		{82BCF4DA-DE6A-42B8-9504-22C335C38E60}.Debug|Any CPU.Build.0 = Debug|Any CPU
		{82BCF4DA-DE6A-42B8-9504-22C335C38E60}.Release|Any CPU.ActiveCfg = Release|Any CPU
		{82BCF4DA-DE6A-42B8-9504-22C335C38E60}.Release|Any CPU.Build.0 = Release|Any CPU
		{2AC59A01-C4FB-4D0C-BA14-EAB0FAD27252}.Debug|Any CPU.ActiveCfg = Debug|Any CPU
		{2AC59A01-C4FB-4D0C-BA14-EAB0FAD27252}.Debug|Any CPU.Build.0 = Debug|Any CPU
		{2AC59A01-C4FB-4D0C-BA14-EAB0FAD27252}.Release|Any CPU.ActiveCfg = Release|Any CPU
		{2AC59A01-C4FB-4D0C-BA14-EAB0FAD27252}.Release|Any CPU.Build.0 = Release|Any CPU
		{C758AB6E-4B4A-410F-8B5A-7EAF3DD68AA8}.Debug|Any CPU.ActiveCfg = Debug|Any CPU
		{C758AB6E-4B4A-410F-8B5A-7EAF3DD68AA8}.Debug|Any CPU.Build.0 = Debug|Any CPU
		{C758AB6E-4B4A-410F-8B5A-7EAF3DD68AA8}.Release|Any CPU.ActiveCfg = Release|Any CPU
		{C758AB6E-4B4A-410F-8B5A-7EAF3DD68AA8}.Release|Any CPU.Build.0 = Release|Any CPU
		{7C5E829E-50B9-4665-B8AF-AB84EAA4B19A}.Debug|Any CPU.ActiveCfg = Debug|Any CPU
		{7C5E829E-50B9-4665-B8AF-AB84EAA4B19A}.Debug|Any CPU.Build.0 = Debug|Any CPU
		{7C5E829E-50B9-4665-B8AF-AB84EAA4B19A}.Release|Any CPU.ActiveCfg = Release|Any CPU
		{7C5E829E-50B9-4665-B8AF-AB84EAA4B19A}.Release|Any CPU.Build.0 = Release|Any CPU
	EndGlobalSection
	GlobalSection(SolutionProperties) = preSolution
		HideSolutionNode = FALSE
	EndGlobalSection
	GlobalSection(NestedProjects) = preSolution
		{4594811F-9C07-47B8-96A5-0AAB5662A3A4} = {60CF72A2-3E2D-4C9B-8C92-B308A2956304}
		{19E123BD-6958-46D4-9F1A-0518CBE343BE} = {60CF72A2-3E2D-4C9B-8C92-B308A2956304}
		{053C7001-2051-40C7-881E-ECA7F2117302} = {60CF72A2-3E2D-4C9B-8C92-B308A2956304}
		{5FF2361B-145B-4113-BCC3-93EDBBB42F25} = {60CF72A2-3E2D-4C9B-8C92-B308A2956304}
		{4AECDF08-6FF2-47D3-AEC6-10B58FF0C9BE} = {60CF72A2-3E2D-4C9B-8C92-B308A2956304}
		{99167ACC-868B-4269-A0CC-4F47A2AD1D25} = {60CF72A2-3E2D-4C9B-8C92-B308A2956304}
		{4C47CDBE-8D95-4AD1-BC30-93441BAD15A3} = {60CF72A2-3E2D-4C9B-8C92-B308A2956304}
		{7943A971-50A3-4049-BB13-FBC5B162FD9D} = {60CF72A2-3E2D-4C9B-8C92-B308A2956304}
		{89C81B92-A61D-423B-BD7C-526DC400749A} = {60CF72A2-3E2D-4C9B-8C92-B308A2956304}
		{DD279A3D-E093-4DC9-9209-432352C578DD} = {60CF72A2-3E2D-4C9B-8C92-B308A2956304}
		{103C5B3A-1424-4220-B515-06D9ACC98CC1} = {60CF72A2-3E2D-4C9B-8C92-B308A2956304}
		{84B17EE2-6BA0-480F-97CE-C33C55EB5B9D} = {60CF72A2-3E2D-4C9B-8C92-B308A2956304}
		{3CBAEA1D-3C03-41AC-A78E-8B73E15A73D8} = {60CF72A2-3E2D-4C9B-8C92-B308A2956304}
		{7F02C5FE-D7EF-46A5-995D-3523DA3526F0} = {60CF72A2-3E2D-4C9B-8C92-B308A2956304}
		{49BA2C45-248A-4C56-8C6C-F80DE6FB6237} = {60CF72A2-3E2D-4C9B-8C92-B308A2956304}
		{058B1ECA-A345-4CC4-B455-1F32B9F05F25} = {60CF72A2-3E2D-4C9B-8C92-B308A2956304}
		{F3C4E124-2102-4A2C-A409-1B73BB7A3797} = {60CF72A2-3E2D-4C9B-8C92-B308A2956304}
		{D5040C52-1871-4AD8-9B7F-5F27221FA154} = {60CF72A2-3E2D-4C9B-8C92-B308A2956304}
		{EFA3A117-212F-4743-B3A0-35EF12736F93} = {60CF72A2-3E2D-4C9B-8C92-B308A2956304}
		{A4C73585-A956-4A3C-808A-FD7087026E9E} = {60CF72A2-3E2D-4C9B-8C92-B308A2956304}
		{B1023467-8B04-46EA-AD62-F75C7CD5FBE9} = {60CF72A2-3E2D-4C9B-8C92-B308A2956304}
		{A243BCC3-AD60-4221-94A1-F54351070BFB} = {60CF72A2-3E2D-4C9B-8C92-B308A2956304}
		{C23D3950-437B-4952-88AA-5DC5E64E0559} = {60CF72A2-3E2D-4C9B-8C92-B308A2956304}
		{0225FF46-25FF-419D-B35E-95B1150EBF1C} = {60CF72A2-3E2D-4C9B-8C92-B308A2956304}
		{24836DC8-7396-4547-A4FE-94870D4462CC} = {60CF72A2-3E2D-4C9B-8C92-B308A2956304}
		{08B37B4D-5595-445D-9D8C-48E7A410C663} = {27AE5D7C-72F6-4B3E-85A0-7F642D3BA708}
		{B2A077B1-6102-46D2-BC14-323BAE7DA4F7} = {27AE5D7C-72F6-4B3E-85A0-7F642D3BA708}
		{A8B7E697-0D90-4543-9407-3B0468A63FDA} = {27AE5D7C-72F6-4B3E-85A0-7F642D3BA708}
		{DCF0CE1E-B4FB-4E66-8C58-DCAB0CBCCB68} = {27AE5D7C-72F6-4B3E-85A0-7F642D3BA708}
		{93B79187-DBF9-4CD1-9305-C42915C57C82} = {27AE5D7C-72F6-4B3E-85A0-7F642D3BA708}
		{C57CBB10-1E2F-4CEF-9AE3-81D3FC49620E} = {27AE5D7C-72F6-4B3E-85A0-7F642D3BA708}
		{05BA4EC5-FA63-45C4-AE74-1BFA9DC0A14A} = {27AE5D7C-72F6-4B3E-85A0-7F642D3BA708}
		{92D8AFB7-D4FD-4EFC-838C-455E9A2209AE} = {27AE5D7C-72F6-4B3E-85A0-7F642D3BA708}
		{6C485792-C6A4-4B99-BACC-1D2D0CF12DE0} = {27AE5D7C-72F6-4B3E-85A0-7F642D3BA708}
		{9C7DA770-65E1-433D-97BD-8CA0EABA3DDB} = {27AE5D7C-72F6-4B3E-85A0-7F642D3BA708}
		{A7DAF010-1A20-4B22-9318-EC0F0B66895B} = {27AE5D7C-72F6-4B3E-85A0-7F642D3BA708}
		{82BCF4DA-DE6A-42B8-9504-22C335C38E60} = {F5EBCA7F-5793-4976-B5A4-C94EBB3E2029}
		{2AC59A01-C4FB-4D0C-BA14-EAB0FAD27252} = {F5EBCA7F-5793-4976-B5A4-C94EBB3E2029}
		{C758AB6E-4B4A-410F-8B5A-7EAF3DD68AA8} = {F5EBCA7F-5793-4976-B5A4-C94EBB3E2029}
		{7C5E829E-50B9-4665-B8AF-AB84EAA4B19A} = {F5EBCA7F-5793-4976-B5A4-C94EBB3E2029}
	EndGlobalSection
	GlobalSection(ExtensibilityGlobals) = postSolution
		SolutionGuid = {2A8307C4-BCFC-4072-BF5B-47121264F377}
	EndGlobalSection
EndGlobal
